
Microsoft Visual Studio Solution File, Format Version 12.00
# Visual Studio Version 17
VisualStudioVersion = 17.10.35027.167
MinimumVisualStudioVersion = 10.0.40219.1
Project("{9A19103F-16F7-4668-BE54-9A1E7A4F7556}") = "Simulator", "Simulator\Simulator.csproj", "{5E3BA4D4-FFFD-4C4C-BD14-032CDDF831F3}"
EndProject
Project("{9A19103F-16F7-4668-BE54-9A1E7A4F7556}") = "Runner", "Runner\Runner.csproj", "{A18153EC-061E-4664-8233-F6A170382C07}"
EndProject
Project("{9A19103F-16F7-4668-BE54-9A1E7A4F7556}") = "TestSimulator", "TestSimulator\TestSimulator.csproj", "{369F91A1-BC58-430F-91E0-3C23C06439D0}"
EndProject
Project("{FAE04EC0-301F-11D3-BF4B-00C04F79EFBC}") = "SimConsole", "SimConsole\SimConsole.csproj", "{6211C6D8-B903-41AA-82E1-DA3DDD632726}"
EndProject
Global
	GlobalSection(SolutionConfigurationPlatforms) = preSolution
		Debug|Any CPU = Debug|Any CPU
		Release|Any CPU = Release|Any CPU
	EndGlobalSection
	GlobalSection(ProjectConfigurationPlatforms) = postSolution
		{5E3BA4D4-FFFD-4C4C-BD14-032CDDF831F3}.Debug|Any CPU.ActiveCfg = Debug|Any CPU
		{5E3BA4D4-FFFD-4C4C-BD14-032CDDF831F3}.Debug|Any CPU.Build.0 = Debug|Any CPU
		{5E3BA4D4-FFFD-4C4C-BD14-032CDDF831F3}.Release|Any CPU.ActiveCfg = Release|Any CPU
		{5E3BA4D4-FFFD-4C4C-BD14-032CDDF831F3}.Release|Any CPU.Build.0 = Release|Any CPU
		{A18153EC-061E-4664-8233-F6A170382C07}.Debug|Any CPU.ActiveCfg = Debug|Any CPU
		{A18153EC-061E-4664-8233-F6A170382C07}.Debug|Any CPU.Build.0 = Debug|Any CPU
		{A18153EC-061E-4664-8233-F6A170382C07}.Release|Any CPU.ActiveCfg = Release|Any CPU
		{A18153EC-061E-4664-8233-F6A170382C07}.Release|Any CPU.Build.0 = Release|Any CPU
		{369F91A1-BC58-430F-91E0-3C23C06439D0}.Debug|Any CPU.ActiveCfg = Debug|Any CPU
		{369F91A1-BC58-430F-91E0-3C23C06439D0}.Debug|Any CPU.Build.0 = Debug|Any CPU
		{369F91A1-BC58-430F-91E0-3C23C06439D0}.Release|Any CPU.ActiveCfg = Release|Any CPU
		{369F91A1-BC58-430F-91E0-3C23C06439D0}.Release|Any CPU.Build.0 = Release|Any CPU
		{6211C6D8-B903-41AA-82E1-DA3DDD632726}.Debug|Any CPU.ActiveCfg = Debug|Any CPU
		{6211C6D8-B903-41AA-82E1-DA3DDD632726}.Debug|Any CPU.Build.0 = Debug|Any CPU
		{6211C6D8-B903-41AA-82E1-DA3DDD632726}.Release|Any CPU.ActiveCfg = Release|Any CPU
		{6211C6D8-B903-41AA-82E1-DA3DDD632726}.Release|Any CPU.Build.0 = Release|Any CPU
	EndGlobalSection
	GlobalSection(SolutionProperties) = preSolution
		HideSolutionNode = FALSE
	EndGlobalSection
	GlobalSection(ExtensibilityGlobals) = postSolution
		SolutionGuid = {85722D1F-E662-4CB3-82CC-41980B98BB87}
	EndGlobalSection
EndGlobal
